PATH
  remote: .
  specs:
    madness (1.2.5)
      addressable (~> 2.7)
      colsole (~> 1.0)
      extended_yaml (~> 0.2)
      mister_bin (~> 0.7)
      naturally (~> 2.2)
      os (~> 1.0)
      pandoc-ruby (~> 2.1)
      puma (~> 7.1)
      rackup (~> 2.1)
      redcarpet (~> 3.5)
      requires (~> 1.0)
      rouge (~> 4.0)
      sinatra (>= 3.0, < 5)
      slim (>= 4.0, < 6)

GEM
  remote: https://rubygems.org/
  specs:
    addressable (2.9.0)
      public_suffix (>= 2.0.2, < 8.0)
    base64 (0.3.0)
    colsole (1.0.1)
    date (3.5.1)
    debug (1.11.1)
      irb (~> 1.10)
      reline (>= 0.3.8)
    diff-lcs (1.6.2)
    diffy (3.4.4)
    docile (1.4.1)
    docopt_ng (0.7.1)
    erb (6.0.3)
    extended_yaml (0.2.3)
    ffi (1.17.4)
    ffi (1.17.4-x86_64-linux-gnu)
    gtx (0.1.2)
      erb (>= 4.0, < 7)
    io-console (0.8.2)
    irb (1.17.0)
      pp (>= 0.6.0)
      prism (>= 1.3.0)
      rdoc (>= 4.0.0)
      reline (>= 0.4.2)
    listen (3.10.0)
      logger
      rb-fsevent (~> 0.10, >= 0.10.3)
      rb-inotify (~> 0.9, >= 0.9.10)
    logger (1.7.0)
    lp (0.2.1)
    mini_portile2 (2.8.9)
    mister_bin (0.9.0)
      colsole (~> 1.0.0)
      docopt_ng (~> 0.7.1)
      reline (~> 0.6)
    mustermann (3.1.1)
    naturally (2.3.0)
    nio4r (2.7.5)
    nokogiri (1.19.2)
      mini_portile2 (~> 2.8.2)
      racc (~> 1.4)
    nokogiri (1.19.2-x86_64-linux-gnu)
      racc (~> 1.4)
    os (1.1.4)
    pandoc-ruby (2.1.10)
    pp (0.6.3)
      prettyprint
    pretty_trace (0.3.1)
    prettyprint (0.2.0)
    prism (1.9.0)
    psych (5.3.1)
      date
      stringio
    public_suffix (7.0.5)
    puma (7.2.0)
      nio4r (~> 2.0)
    racc (1.8.1)
    rack (3.2.6)
    rack-protection (4.2.1)
      base64 (>= 0.1.0)
      logger (>= 1.6.0)
      rack (>= 3.0.0, < 4)
    rack-session (2.1.2)
      base64 (>= 0.1.0)
      rack (>= 3.0.0)
    rack-test (2.2.0)
      rack (>= 1.3)
    rackup (2.3.1)
      rack (>= 3)
    rb-fsevent (0.11.2)
    rb-inotify (0.11.1)
      ffi (~> 1.0)
    rdoc (7.2.0)
      erb
      psych (>= 4.0.0)
      tsort
    redcarpet (3.6.1)
    reline (0.6.3)
      io-console (~> 0.5)
    requires (1.1.0)
    rouge (4.7.0)
    rspec (3.13.2)
      rspec-core (~> 3.13.0)
      rspec-expectations (~> 3.13.0)
      rspec-mocks (~> 3.13.0)
    rspec-core (3.13.6)
      rspec-support (~> 3.13.0)
    rspec-expectations (3.13.5)
      diff-lcs (>= 1.2.0, < 2.0)
      rspec-support (~> 3.13.0)
    rspec-html-matchers (0.10.0)
      nokogiri (~> 1)
      rspec (>= 3.0.0.a)
    rspec-mocks (3.13.8)
      diff-lcs (>= 1.2.0, < 2.0)
      rspec-support (~> 3.13.0)
    rspec-support (3.13.7)
    rspec_approvals (0.9.3)
      colsole (>= 0.8.1, < 2)
      diffy (~> 3.4)
      string-similarity (~> 2.1)
      strings-ansi (~> 0.2)
    runfile (1.0.2)
      colsole (>= 0.8.2, < 2.0)
      docopt_ng (~> 0.7, >= 0.7.1)
      gtx (~> 0.1)
      requires (>= 0.2, < 2.0)
    runfile-tasks (1.1.0)
    sassc (2.4.0)
      ffi (~> 1.9)
    sasstool (0.3.1)
      colsole (~> 1.0)
      listen (~> 3.9)
      logger (~> 1.7)
      mister_bin (~> 0.7)
      sassc (~> 2.4)
    simplecov (0.22.0)
      docile (~> 1.1)
      simplecov-html (~> 0.11)
      simplecov_json_formatter (~> 0.1)
    simplecov-html (0.13.2)
    simplecov_json_formatter (0.1.4)
    sinatra (4.2.1)
      logger (>= 1.6.0)
      mustermann (~> 3.0)
      rack (>= 3.0.0, < 4)
      rack-protection (= 4.2.1)
      rack-session (>= 2.0.0, < 3)
      tilt (~> 2.0)
    slim (5.2.1)
      temple (~> 0.10.0)
      tilt (>= 2.1.0)
    string-similarity (2.1.0)
    stringio (3.2.0)
    strings-ansi (0.2.0)
    temple (0.10.4)
    tilt (2.7.0)
    tsort (0.2.0)

PLATFORMS
  ruby
  x86_64-linux

DEPENDENCIES
  debug
  lp
  madness!
  pretty_trace
  rack-test
  rspec
  rspec-html-matchers
  rspec_approvals
  runfile
  runfile-tasks
  sasstool
  simplecov

BUNDLED WITH
   2.4.19
